
Microsoft Visual Studio Solution File, Format Version 12.00
# Visual Studio Version 18
VisualStudioVersion = 18.6.11819.183 stable
MinimumVisualStudioVersion = 10.0.40219.1
Project("{FAE04EC0-301F-11D3-BF4B-00C04F79EFBC}") = "MinhaMoto", "MinhaMoto.csproj", "{6358D448-E770-BAA8-4281-1485C6AF6EFA}"
EndProject
Global
	GlobalSection(SolutionConfigurationPlatforms) = preSolution
		Debug|Any CPU = Debug|Any CPU
		Release|Any CPU = Release|Any CPU
	EndGlobalSection
	GlobalSection(ProjectConfigurationPlatforms) = postSolution
		{6358D448-E770-BAA8-4281-1485C6AF6EFA}.Debug|Any CPU.ActiveCfg = Debug|Any CPU
		{6358D448-E770-BAA8-4281-1485C6AF6EFA}.Debug|Any CPU.Build.0 = Debug|Any CPU
		{6358D448-E770-BAA8-4281-1485C6AF6EFA}.Debug|Any CPU.Deploy.0 = Debug|Any CPU
		{6358D448-E770-BAA8-4281-1485C6AF6EFA}.Release|Any CPU.ActiveCfg = Release|Any CPU
		{6358D448-E770-BAA8-4281-1485C6AF6EFA}.Release|Any CPU.Build.0 = Release|Any CPU
		{6358D448-E770-BAA8-4281-1485C6AF6EFA}.Release|Any CPU.Deploy.0 = Release|Any CPU
	EndGlobalSection
	GlobalSection(SolutionProperties) = preSolution
		HideSolutionNode = FALSE
	EndGlobalSection
	GlobalSection(ExtensibilityGlobals) = postSolution
		SolutionGuid = {147E82EE-ABA5-4163-9674-C1A08504F957}
	EndGlobalSection
EndGlobal
